
Microsoft Visual Studio Solution File, Format Version 12.00
# Visual Studio Version 16
VisualStudioVersion = 16.0.29926.136
MinimumVisualStudioVersion = 10.0.40219.1
Project("{FAE04EC0-301F-11D3-BF4B-00C04F79EFBC}") = "MVVMHorseRun", "MVVMHorseRun\MVVMHorseRun.csproj", "{BA82850E-C2DF-4C67-8525-6D6378A51D4C}"
EndProject
Global
	GlobalSection(SolutionConfigurationPlatforms) = preSolution
		Debug|Any CPU = Debug|Any CPU
		Release|Any CPU = Release|Any CPU
	EndGlobalSection
	GlobalSection(ProjectConfigurationPlatforms) = postSolution
		{BA82850E-C2DF-4C67-8525-6D6378A51D4C}.Debug|Any CPU.ActiveCfg = Debug|Any CPU
		{BA82850E-C2DF-4C67-8525-6D6378A51D4C}.Debug|Any CPU.Build.0 = Debug|Any CPU
		{BA82850E-C2DF-4C67-8525-6D6378A51D4C}.Release|Any CPU.ActiveCfg = Release|Any CPU
		{BA82850E-C2DF-4C67-8525-6D6378A51D4C}.Release|Any CPU.Build.0 = Release|Any CPU
	EndGlobalSection
	GlobalSection(SolutionProperties) = preSolution
		HideSolutionNode = FALSE
	EndGlobalSection
	GlobalSection(ExtensibilityGlobals) = postSolution
		SolutionGuid = {4E3F2A62-9545-4AC6-A066-0E7B9DCC5428}
	EndGlobalSection
EndGlobal
